# THIS IS AN AUTOGENERATED FILE. DO NOT EDIT THIS FILE DIRECTLY.
# yarn lockfile v1


acorn@^5.1.1:
  version "5.7.3"
  resolved "https://registry.yarnpkg.com/acorn/-/acorn-5.7.3.tgz#67aa231bf8812974b85235a96771eb6bd07ea279"

afinn-165@^1.0.2:
  version "1.0.2"
  resolved "https://registry.yarnpkg.com/afinn-165/-/afinn-165-1.0.2.tgz#11ba700eae4af3e97e72dcf9c7f1249e4bff1db7"

apparatus@^0.0.10:
  version "0.0.10"
  resolved "https://registry.yarnpkg.com/apparatus/-/apparatus-0.0.10.tgz#81ea756772ada77863db54ceee8202c109bdca3e"
  dependencies:
    sylvester ">= 0.0.8"

brain.js@^1.6.1:
  version "1.6.1"
  resolved "https://registry.yarnpkg.com/brain.js/-/brain.js-1.6.1.tgz#ab18c591882feeda11e70c62a427fe78ca4aa817"
  dependencies:
    gpu.js "^1.10.4"
    thaw.js "^2.0.0"

gpu.js@^1.10.4:
  version "1.10.4"
  resolved "https://registry.yarnpkg.com/gpu.js/-/gpu.js-1.10.4.tgz#f0290dc08d40a9de7329b91f1523703cdd0a64c7"
  dependencies:
    acorn "^5.1.1"

json-stable-stringify@^1.0.1:
  version "1.0.1"
  resolved "https://registry.yarnpkg.com/json-stable-stringify/-/json-stable-stringify-1.0.1.tgz#9a759d39c5f2ff503fd5300646ed445f88c4f9af"
  dependencies:
    jsonify "~0.0.0"

jsonify@~0.0.0:
  version "0.0.0"
  resolved "https://registry.yarnpkg.com/jsonify/-/jsonify-0.0.0.tgz#2c74b6ee41d93ca51b7b5aaee8f503631d252a73"

natural@^0.6.3:
  version "0.6.3"
  resolved "https://registry.yarnpkg.com/natural/-/natural-0.6.3.tgz#62f56db82fbfddcf9e1f5810c5e39135fdbc1355"
  dependencies:
    afinn-165 "^1.0.2"
    apparatus "^0.0.10"
    json-stable-stringify "^1.0.1"
    sylvester "^0.0.12"
    underscore "^1.3.1"

"sylvester@>= 0.0.8":
  version "0.0.21"
  resolved "https://registry.yarnpkg.com/sylvester/-/sylvester-0.0.21.tgz#2987b1ce2bd2f38b0dce2a34388884bfa4400ea7"

sylvester@^0.0.12:
  version "0.0.12"
  resolved "https://registry.yarnpkg.com/sylvester/-/sylvester-0.0.12.tgz#5a884415cd2d002c57e7a3aac99462a75ce9fdb4"

thaw.js@^2.0.0:
  version "2.0.0"
  resolved "https://registry.yarnpkg.com/thaw.js/-/thaw.js-2.0.0.tgz#452bc5d7ee2ce1b6f92037b05b506cbd656291d0"

underscore@^1.3.1:
  version "1.9.1"
  resolved "https://registry.yarnpkg.com/underscore/-/underscore-1.9.1.tgz#06dce34a0e68a7babc29b365b8e74b8925203961"
